
Microsoft Visual Studio Solution File, Format Version 12.00
# Visual Studio 15
VisualStudioVersion = 15.0.27130.2010
MinimumVisualStudioVersion = 10.0.40219.1
Project("{FAE04EC0-301F-11D3-BF4B-00C04F79EFBC}") = "BobaTeaApp", "BobaTeaApp\BobaTeaApp.csproj", "{DCCC8ACC-612A-4C06-A9D8-47D659C0668C}"
EndProject
Global
	GlobalSection(SolutionConfigurationPlatforms) = preSolution
		Debug|Any CPU = Debug|Any CPU
		Release|Any CPU = Release|Any CPU
	EndGlobalSection
	GlobalSection(ProjectConfigurationPlatforms) = postSolution
		{DCCC8ACC-612A-4C06-A9D8-47D659C0668C}.Debug|Any CPU.ActiveCfg = Debug|Any CPU
		{DCCC8ACC-612A-4C06-A9D8-47D659C0668C}.Debug|Any CPU.Build.0 = Debug|Any CPU
		{DCCC8ACC-612A-4C06-A9D8-47D659C0668C}.Release|Any CPU.ActiveCfg = Release|Any CPU
		{DCCC8ACC-612A-4C06-A9D8-47D659C0668C}.Release|Any CPU.Build.0 = Release|Any CPU
	EndGlobalSection
	GlobalSection(SolutionProperties) = preSolution
		HideSolutionNode = FALSE
	EndGlobalSection
	GlobalSection(ExtensibilityGlobals) = postSolution
		SolutionGuid = {DD7F338A-85C8-4D88-8ECB-00E7214D0A41}
	EndGlobalSection
EndGlobal
